{
  "name": "adventofcode",
  "version": "1.0.0",
  "lockfileVersion": 1,
  "requires": true,
  "dependencies": {
    "@types/lodash": {
      "version": "4.14.88",
      "resolved": "https://registry.npmjs.org/@types/lodash/-/lodash-4.14.88.tgz",
      "integrity": "sha512-S+7dONqCP8kXqOPCPxra7Vw8FndWS8pNfVkClMSzRCPMjXkA3BaI3ybMBCiSd4y+r1vC49UEjNthnm+fO8J/dw==",
      "dev": true
    },
    "@types/node": {
      "version": "0.0.2",
      "resolved": "https://registry.npmjs.org/@types/node/-/node-0.0.2.tgz",
      "integrity": "sha1-DaSTSQL79oqXoPUyBKNa0iJJF7w=",
      "dev": true
    },
    "lodash": {
      "version": "4.17.4",
      "resolved": "https://registry.npmjs.org/lodash/-/lodash-4.17.4.tgz",
      "integrity": "sha1-eCA6TRwyiuHYbcpkYONptX9AVa4="
    },
    "rxjs": {
      "version": "5.5.5",
      "resolved": "https://registry.npmjs.org/rxjs/-/rxjs-5.5.5.tgz",
      "integrity": "sha512-D/MfQnPMBk8P8gfwGxvCkuaWBcG58W7dUMT//URPoYzIbDEKT0GezdirkK5whMgKFBATfCoTpxO8bJQGJ04W5A==",
      "requires": {
        "symbol-observable": "1.0.1"
      }
    },
    "symbol-observable": {
      "version": "1.0.1",
      "resolved": "https://registry.npmjs.org/symbol-observable/-/symbol-observable-1.0.1.tgz",
      "integrity": "sha1-g0D8RwLDEi310iKI+IKD9RPT/dQ="
    }
  }
}
